
Microsoft Visual Studio Solution File, Format Version 12.00
# Visual Studio Version 17
VisualStudioVersion = 17.11.35312.102
MinimumVisualStudioVersion = 10.0.40219.1
Project("{FAE04EC0-301F-11D3-BF4B-00C04F79EFBC}") = "AutoClicker10", "AutoClicker10\AutoClicker10.csproj", "{230037CA-A326-46D8-A864-3A5EEA12EB46}"
EndProject
Global
	GlobalSection(SolutionConfigurationPlatforms) = preSolution
		Debug|Any CPU = Debug|Any CPU
		Release|Any CPU = Release|Any CPU
	EndGlobalSection
	GlobalSection(ProjectConfigurationPlatforms) = postSolution
		{230037CA-A326-46D8-A864-3A5EEA12EB46}.Debug|Any CPU.ActiveCfg = Debug|Any CPU
		{230037CA-A326-46D8-A864-3A5EEA12EB46}.Debug|Any CPU.Build.0 = Debug|Any CPU
		{230037CA-A326-46D8-A864-3A5EEA12EB46}.Release|Any CPU.ActiveCfg = Release|Any CPU
		{230037CA-A326-46D8-A864-3A5EEA12EB46}.Release|Any CPU.Build.0 = Release|Any CPU
	EndGlobalSection
	GlobalSection(SolutionProperties) = preSolution
		HideSolutionNode = FALSE
	EndGlobalSection
	GlobalSection(ExtensibilityGlobals) = postSolution
		SolutionGuid = {C32903FF-293A-44AA-BDFA-8B7DFC4AC1E2}
	EndGlobalSection
EndGlobal
